# This file is automatically @generated by Cargo.
# It is not intended for manual editing.
version = 4

[[package]]
name = "forma-cli"
version = "0.1.0"
dependencies = [
 "forma-core",
 "forma-rpc",
]

[[package]]
name = "forma-core"
version = "0.1.0"

[[package]]
name = "forma-rpc"
version = "0.1.0"
dependencies = [
 "forma-core",
]
